
Microsoft Visual Studio Solution File, Format Version 12.00
# Visual Studio Version 18
VisualStudioVersion = 18.7.11919.86
MinimumVisualStudioVersion = 10.0.40219.1
Project("{FAE04EC0-301F-11D3-BF4B-00C04F79EFBC}") = "OxyPlayer", "OxyPlayer\OxyPlayer.csproj", "{3D794D07-2B4C-4BF4-A8F9-2940281EFBA8}"
EndProject
Project("{FAE04EC0-301F-11D3-BF4B-00C04F79EFBC}") = "OxyPlayer-WPF", "OxyPlayer-WPF\OxyPlayer-WPF.csproj", "{5F27803D-E8C0-432A-9DBF-DB9BF8457892}"
EndProject
Project("{FAE04EC0-301F-11D3-BF4B-00C04F79EFBC}") = "FFmpegDecoder", "FFmpegDecoder\FFmpegDecoder.csproj", "{1A4B73DB-5080-4943-9420-A8C2E9102AB6}"
EndProject
Project("{FAE04EC0-301F-11D3-BF4B-00C04F79EFBC}") = "FFmpegDecoderConsole", "FFmpegDecoderConsole\FFmpegDecoderConsole.csproj", "{EB8133D2-984D-443A-A643-444484E68238}"
	ProjectSection(ProjectDependencies) = postProject
		{1A4B73DB-5080-4943-9420-A8C2E9102AB6} = {1A4B73DB-5080-4943-9420-A8C2E9102AB6}
	EndProjectSection
EndProject
Global
	GlobalSection(SolutionConfigurationPlatforms) = preSolution
		Debug|Any CPU = Debug|Any CPU
		Debug|x64 = Debug|x64
		Debug|x86 = Debug|x86
		Release|Any CPU = Release|Any CPU
		Release|x64 = Release|x64
		Release|x86 = Release|x86
	EndGlobalSection
	GlobalSection(ProjectConfigurationPlatforms) = postSolution
		{3D794D07-2B4C-4BF4-A8F9-2940281EFBA8}.Debug|Any CPU.ActiveCfg = Debug|x86
		{3D794D07-2B4C-4BF4-A8F9-2940281EFBA8}.Debug|x64.ActiveCfg = Debug|x86
		{3D794D07-2B4C-4BF4-A8F9-2940281EFBA8}.Debug|x64.Build.0 = Debug|x86
		{3D794D07-2B4C-4BF4-A8F9-2940281EFBA8}.Debug|x86.ActiveCfg = Debug|x86
		{3D794D07-2B4C-4BF4-A8F9-2940281EFBA8}.Debug|x86.Build.0 = Debug|x86
		{3D794D07-2B4C-4BF4-A8F9-2940281EFBA8}.Release|Any CPU.ActiveCfg = Release|x86
		{3D794D07-2B4C-4BF4-A8F9-2940281EFBA8}.Release|x64.ActiveCfg = Release|x64
		{3D794D07-2B4C-4BF4-A8F9-2940281EFBA8}.Release|x64.Build.0 = Release|x64
		{3D794D07-2B4C-4BF4-A8F9-2940281EFBA8}.Release|x86.ActiveCfg = Release|x86
		{3D794D07-2B4C-4BF4-A8F9-2940281EFBA8}.Release|x86.Build.0 = Release|x86
		{5F27803D-E8C0-432A-9DBF-DB9BF8457892}.Debug|Any CPU.ActiveCfg = Debug|Any CPU
		{5F27803D-E8C0-432A-9DBF-DB9BF8457892}.Debug|Any CPU.Build.0 = Debug|Any CPU
		{5F27803D-E8C0-432A-9DBF-DB9BF8457892}.Debug|x64.ActiveCfg = Debug|Any CPU
		{5F27803D-E8C0-432A-9DBF-DB9BF8457892}.Debug|x64.Build.0 = Debug|Any CPU
		{5F27803D-E8C0-432A-9DBF-DB9BF8457892}.Debug|x86.ActiveCfg = Debug|Any CPU
		{5F27803D-E8C0-432A-9DBF-DB9BF8457892}.Debug|x86.Build.0 = Debug|Any CPU
		{5F27803D-E8C0-432A-9DBF-DB9BF8457892}.Release|Any CPU.ActiveCfg = Release|Any CPU
		{5F27803D-E8C0-432A-9DBF-DB9BF8457892}.Release|Any CPU.Build.0 = Release|Any CPU
		{5F27803D-E8C0-432A-9DBF-DB9BF8457892}.Release|x64.ActiveCfg = Release|Any CPU
		{5F27803D-E8C0-432A-9DBF-DB9BF8457892}.Release|x64.Build.0 = Release|Any CPU
		{5F27803D-E8C0-432A-9DBF-DB9BF8457892}.Release|x86.ActiveCfg = Release|Any CPU
		{5F27803D-E8C0-432A-9DBF-DB9BF8457892}.Release|x86.Build.0 = Release|Any CPU
		{1A4B73DB-5080-4943-9420-A8C2E9102AB6}.Debug|Any CPU.ActiveCfg = Debug|Any CPU
		{1A4B73DB-5080-4943-9420-A8C2E9102AB6}.Debug|Any CPU.Build.0 = Debug|Any CPU
		{1A4B73DB-5080-4943-9420-A8C2E9102AB6}.Debug|x64.ActiveCfg = Debug|Any CPU
		{1A4B73DB-5080-4943-9420-A8C2E9102AB6}.Debug|x64.Build.0 = Debug|Any CPU
		{1A4B73DB-5080-4943-9420-A8C2E9102AB6}.Debug|x86.ActiveCfg = Debug|Any CPU
		{1A4B73DB-5080-4943-9420-A8C2E9102AB6}.Debug|x86.Build.0 = Debug|Any CPU
		{1A4B73DB-5080-4943-9420-A8C2E9102AB6}.Release|Any CPU.ActiveCfg = Release|Any CPU
		{1A4B73DB-5080-4943-9420-A8C2E9102AB6}.Release|Any CPU.Build.0 = Release|Any CPU
		{1A4B73DB-5080-4943-9420-A8C2E9102AB6}.Release|x64.ActiveCfg = Release|Any CPU
		{1A4B73DB-5080-4943-9420-A8C2E9102AB6}.Release|x64.Build.0 = Release|Any CPU
		{1A4B73DB-5080-4943-9420-A8C2E9102AB6}.Release|x86.ActiveCfg = Release|Any CPU
		{1A4B73DB-5080-4943-9420-A8C2E9102AB6}.Release|x86.Build.0 = Release|Any CPU
		{EB8133D2-984D-443A-A643-444484E68238}.Debug|Any CPU.ActiveCfg = Debug|Any CPU
		{EB8133D2-984D-443A-A643-444484E68238}.Debug|Any CPU.Build.0 = Debug|Any CPU
		{EB8133D2-984D-443A-A643-444484E68238}.Debug|x64.ActiveCfg = Debug|Any CPU
		{EB8133D2-984D-443A-A643-444484E68238}.Debug|x64.Build.0 = Debug|Any CPU
		{EB8133D2-984D-443A-A643-444484E68238}.Debug|x86.ActiveCfg = Debug|Any CPU
		{EB8133D2-984D-443A-A643-444484E68238}.Debug|x86.Build.0 = Debug|Any CPU
		{EB8133D2-984D-443A-A643-444484E68238}.Release|Any CPU.ActiveCfg = Release|Any CPU
		{EB8133D2-984D-443A-A643-444484E68238}.Release|Any CPU.Build.0 = Release|Any CPU
		{EB8133D2-984D-443A-A643-444484E68238}.Release|x64.ActiveCfg = Release|Any CPU
		{EB8133D2-984D-443A-A643-444484E68238}.Release|x64.Build.0 = Release|Any CPU
		{EB8133D2-984D-443A-A643-444484E68238}.Release|x86.ActiveCfg = Release|Any CPU
		{EB8133D2-984D-443A-A643-444484E68238}.Release|x86.Build.0 = Release|Any CPU
	EndGlobalSection
	GlobalSection(SolutionProperties) = preSolution
		HideSolutionNode = FALSE
	EndGlobalSection
	GlobalSection(ExtensibilityGlobals) = postSolution
		SolutionGuid = {31B1C35D-F007-4E82-AAD6-4E072702A2C7}
	EndGlobalSection
EndGlobal
